
Microsoft Visual Studio Solution File, Format Version 12.00
# Visual Studio 15
VisualStudioVersion = 15.0.28307.1209
MinimumVisualStudioVersion = 10.0.40219.1
Project("{FAE04EC0-301F-11D3-BF4B-00C04F79EFBC}") = "lab5", "lab5\lab5.csproj", "{13A6E19D-5226-4DC4-9FC7-4C94AFBB0981}"
EndProject
Global
	GlobalSection(SolutionConfigurationPlatforms) = preSolution
		Debug|Any CPU = Debug|Any CPU
		Release|Any CPU = Release|Any CPU
	EndGlobalSection
	GlobalSection(ProjectConfigurationPlatforms) = postSolution
		{13A6E19D-5226-4DC4-9FC7-4C94AFBB0981}.Debug|Any CPU.ActiveCfg = Debug|Any CPU
		{13A6E19D-5226-4DC4-9FC7-4C94AFBB0981}.Debug|Any CPU.Build.0 = Debug|Any CPU
		{13A6E19D-5226-4DC4-9FC7-4C94AFBB0981}.Release|Any CPU.ActiveCfg = Release|Any CPU
		{13A6E19D-5226-4DC4-9FC7-4C94AFBB0981}.Release|Any CPU.Build.0 = Release|Any CPU
	EndGlobalSection
	GlobalSection(SolutionProperties) = preSolution
		HideSolutionNode = FALSE
	EndGlobalSection
	GlobalSection(ExtensibilityGlobals) = postSolution
		SolutionGuid = {80A36C2D-67E9-43A9-950D-8080218EC59D}
	EndGlobalSection
EndGlobal
